{
  "nodes": {
    "fenix": {
      "inputs": {
        "nixpkgs": [
          "nixpkgs"
        ],
        "rust-analyzer-src": "rust-analyzer-src"
      },
      "locked": {
        "lastModified": 1667457007,
        "narHash": "sha256-u7MQfMBONp8wRo6L12lIjue5cWJFDYgxJWQRgVPYAqI=",
        "owner": "nix-community",
        "repo": "fenix",
        "rev": "970d53297014da010d8c9715ebeba75f1f801756",
        "type": "github"
      },
      "original": {
        "owner": "nix-community",
        "repo": "fenix",
        "type": "github"
      }
    },
    "home-manager": {
      "inputs": {
        "nixpkgs": [
          "nixpkgs"
        ],
        "utils": "utils"
      },
      "locked": {
        "lastModified": 1667468181,
        "narHash": "sha256-806/nrDW6e7bl4/oJEdAykYz/NaBuTUi7EUYArw2oic=",
        "owner": "nix-community",
        "repo": "home-manager",
        "rev": "93335810751f0404fe424e61ad58bc8e94bf8e9d",
        "type": "github"
      },
      "original": {
        "owner": "nix-community",
        "repo": "home-manager",
        "type": "github"
      }
    },
    "nixpkgs": {
      "locked": {
        "lastModified": 1667426640,
        "narHash": "sha256-zJFPcWL9i0Y1BqzqEa8RKx+SiUgupHhYqPDCaFmlBpw=",
        "owner": "nixos",
        "repo": "nixpkgs",
        "rev": "636051e353461f073ac55d5d42c1ed062a345046",
        "type": "github"
      },
      "original": {
        "owner": "nixos",
        "ref": "nixos-unstable",
        "repo": "nixpkgs",
        "type": "github"
      }
    },
    "nur": {
      "locked": {
        "lastModified": 1667511785,
        "narHash": "sha256-fYh7THWQjBaOlXmrcw02wBEkUYKpd8JQd0BlJebir7A=",
        "owner": "nix-community",
        "repo": "NUR",
        "rev": "99b36707cc34c9702fc101e0e760df69d1f08bca",
        "type": "github"
      },
      "original": {
        "owner": "nix-community",
        "repo": "NUR",
        "type": "github"
      }
    },
    "root": {
      "inputs": {
        "fenix": "fenix",
        "home-manager": "home-manager",
        "nixpkgs": "nixpkgs",
        "nur": "nur"
      }
    },
    "rust-analyzer-src": {
      "flake": false,
      "locked": {
        "lastModified": 1667394715,
        "narHash": "sha256-EeCAvp8X5INFd1mJm6CyQL9ewYxMQjJpUrDMpzPzfHM=",
        "owner": "rust-lang",
        "repo": "rust-analyzer",
        "rev": "56c97a8351abe090f86c45a091b49ba65416a949",
        "type": "github"
      },
      "original": {
        "owner": "rust-lang",
        "ref": "nightly",
        "repo": "rust-analyzer",
        "type": "github"
      }
    },
    "utils": {
      "locked": {
        "lastModified": 1667077288,
        "narHash": "sha256-bdC8sFNDpT0HK74u9fUkpbf1MEzVYJ+ka7NXCdgBoaA=",
        "owner": "numtide",
        "repo": "flake-utils",
        "rev": "6ee9ebb6b1ee695d2cacc4faa053a7b9baa76817",
        "type": "github"
      },
      "original": {
        "owner": "numtide",
        "repo": "flake-utils",
        "type": "github"
      }
    }
  },
  "root": "root",
  "version": 7
}
