{
  "nodes": {
    "fenix": {
      "inputs": {
        "nixpkgs": [
          "nixpkgs"
        ],
        "rust-analyzer-src": "rust-analyzer-src"
      },
      "locked": {
        "lastModified": 1668752858,
        "narHash": "sha256-mOnqbZIb1sqd2sw/eAxXCodLJ1YPQlaM/wa6Zl2EQ8I=",
        "owner": "nix-community",
        "repo": "fenix",
        "rev": "21f7b33a665be13a7baeae6a85001b6511af5dfc",
        "type": "github"
      },
      "original": {
        "owner": "nix-community",
        "repo": "fenix",
        "type": "github"
      }
    },
    "home-manager": {
      "inputs": {
        "nixpkgs": [
          "nixpkgs"
        ],
        "utils": "utils"
      },
      "locked": {
        "lastModified": 1668788863,
        "narHash": "sha256-FsdUG+YkRX7JZKZm6T44J2h+0pXB1sWA9AobyiozFK0=",
        "owner": "nix-community",
        "repo": "home-manager",
        "rev": "948d1f8a5cef55a281d4f5d17f3b79df6c82fce1",
        "type": "github"
      },
      "original": {
        "owner": "nix-community",
        "repo": "home-manager",
        "type": "github"
      }
    },
    "nixpkgs": {
      "locked": {
        "lastModified": 1668765800,
        "narHash": "sha256-rC40+/W6Hio7b/RsY8SvQPKNx4WqNcTgfYv8cUMAvJk=",
        "owner": "nixos",
        "repo": "nixpkgs",
        "rev": "52b2ac8ae18bbad4374ff0dd5aeee0fdf1aea739",
        "type": "github"
      },
      "original": {
        "owner": "nixos",
        "ref": "nixos-unstable",
        "repo": "nixpkgs",
        "type": "github"
      }
    },
    "nur": {
      "locked": {
        "lastModified": 1668799045,
        "narHash": "sha256-hXl9V71v+5riggYepioMRlI1I42Oagb7AtTbm0u+FSQ=",
        "owner": "nix-community",
        "repo": "NUR",
        "rev": "4a521710572ebf433db2005719941e8dfe9dfbb8",
        "type": "github"
      },
      "original": {
        "owner": "nix-community",
        "repo": "NUR",
        "type": "github"
      }
    },
    "root": {
      "inputs": {
        "fenix": "fenix",
        "home-manager": "home-manager",
        "nixpkgs": "nixpkgs",
        "nur": "nur"
      }
    },
    "rust-analyzer-src": {
      "flake": false,
      "locked": {
        "lastModified": 1668703311,
        "narHash": "sha256-yPMeNQ2GyQlAO0FjY9VZExEGgsI6bEdzcEmicBuPXHE=",
        "owner": "rust-lang",
        "repo": "rust-analyzer",
        "rev": "e162d5800a54320b3cdf88b15ec2eb6a89291585",
        "type": "github"
      },
      "original": {
        "owner": "rust-lang",
        "ref": "nightly",
        "repo": "rust-analyzer",
        "type": "github"
      }
    },
    "utils": {
      "locked": {
        "lastModified": 1667395993,
        "narHash": "sha256-nuEHfE/LcWyuSWnS8t12N1wc105Qtau+/OdUAjtQ0rA=",
        "owner": "numtide",
        "repo": "flake-utils",
        "rev": "5aed5285a952e0b949eb3ba02c12fa4fcfef535f",
        "type": "github"
      },
      "original": {
        "owner": "numtide",
        "repo": "flake-utils",
        "type": "github"
      }
    }
  },
  "root": "root",
  "version": 7
}
