{
  "nodes": {
    "fenix": {
      "inputs": {
        "nixpkgs": [
          "nixpkgs"
        ],
        "rust-analyzer-src": "rust-analyzer-src"
      },
      "locked": {
        "lastModified": 1665210809,
        "narHash": "sha256-92602EFLajaOU3tGZRZAyIEZCVOIQt4vDK7G8oqKees=",
        "owner": "nix-community",
        "repo": "fenix",
        "rev": "2c5724d70d4ded2e75672ce26e534d4e48db65ef",
        "type": "github"
      },
      "original": {
        "owner": "nix-community",
        "repo": "fenix",
        "type": "github"
      }
    },
    "home-manager": {
      "inputs": {
        "nixpkgs": [
          "nixpkgs"
        ],
        "utils": "utils"
      },
      "locked": {
        "lastModified": 1665226338,
        "narHash": "sha256-P+A9MEClkeZSaS4zZvrpfVfUUqU5mmdZgEz/FGDSgno=",
        "owner": "nix-community",
        "repo": "home-manager",
        "rev": "3b5a8d3dc79e05213d3c428a0b8777e21cb0c6b8",
        "type": "github"
      },
      "original": {
        "owner": "nix-community",
        "repo": "home-manager",
        "type": "github"
      }
    },
    "nixpkgs": {
      "locked": {
        "lastModified": 1665081174,
        "narHash": "sha256-6hsmzdhdy8Kbvl5e0xZNE83pW3fKQvNiobJkM6KQrgA=",
        "owner": "nixos",
        "repo": "nixpkgs",
        "rev": "598f83ebeb2235435189cf84d844b8b73e858e0f",
        "type": "github"
      },
      "original": {
        "owner": "nixos",
        "ref": "nixos-unstable",
        "repo": "nixpkgs",
        "type": "github"
      }
    },
    "nur": {
      "locked": {
        "lastModified": 1665234506,
        "narHash": "sha256-+Zntf4sHCKfZtEiUHB6Q7yTNTC2uskQEI2g80pIS3HI=",
        "owner": "nix-community",
        "repo": "NUR",
        "rev": "2f2f9d20d6471663afcc90d9c2c435c6d10c01ce",
        "type": "github"
      },
      "original": {
        "owner": "nix-community",
        "repo": "NUR",
        "type": "github"
      }
    },
    "root": {
      "inputs": {
        "fenix": "fenix",
        "home-manager": "home-manager",
        "nixpkgs": "nixpkgs",
        "nur": "nur"
      }
    },
    "rust-analyzer-src": {
      "flake": false,
      "locked": {
        "lastModified": 1665136572,
        "narHash": "sha256-Ba6oz20sz5ahz3zt0EEqGv0Ll2Tm4q+1l8V7Po+1U74=",
        "owner": "rust-lang",
        "repo": "rust-analyzer",
        "rev": "8437e4ba5864143cd3315b8c6a48bcca1192a37a",
        "type": "github"
      },
      "original": {
        "owner": "rust-lang",
        "ref": "nightly",
        "repo": "rust-analyzer",
        "type": "github"
      }
    },
    "utils": {
      "locked": {
        "lastModified": 1659877975,
        "narHash": "sha256-zllb8aq3YO3h8B/U0/J1WBgAL8EX5yWf5pMj3G0NAmc=",
        "owner": "numtide",
        "repo": "flake-utils",
        "rev": "c0e246b9b83f637f4681389ecabcb2681b4f3af0",
        "type": "github"
      },
      "original": {
        "owner": "numtide",
        "repo": "flake-utils",
        "type": "github"
      }
    }
  },
  "root": "root",
  "version": 7
}
